
Microsoft Visual Studio Solution File, Format Version 12.00
# Visual Studio 2017
Project("{FAE04EC0-301F-11D3-BF4B-00C04F79EFBC}") = "CatchingAHorse.Plugins", "CatchingAHorse.Plugins.csproj", "{70F156BD-2DE5-EC8B-C12F-E8ABD998E64A}"
EndProject
Project("{FAE04EC0-301F-11D3-BF4B-00C04F79EFBC}") = "CatchingAHorse", "CatchingAHorse.csproj", "{5F9CDD00-ECD7-0A67-23CB-471A7F8F6A49}"
EndProject
Project("{FAE04EC0-301F-11D3-BF4B-00C04F79EFBC}") = "CatchingAHorse.Editor", "CatchingAHorse.Editor.csproj", "{F16DEA7A-DEFC-618D-C1F3-13E4687131E5}"
EndProject
Global
	GlobalSection(SolutionConfigurationPlatforms) = preSolution
		Debug|Any CPU = Debug|Any CPU
		Release|Any CPU = Release|Any CPU
	EndGlobalSection
	GlobalSection(ProjectConfigurationPlatforms) = postSolution
		{70F156BD-2DE5-EC8B-C12F-E8ABD998E64A}.Debug|Any CPU.ActiveCfg = Debug|Any CPU
		{70F156BD-2DE5-EC8B-C12F-E8ABD998E64A}.Debug|Any CPU.Build.0 = Debug|Any CPU
		{70F156BD-2DE5-EC8B-C12F-E8ABD998E64A}.Release|Any CPU.ActiveCfg = Release|Any CPU
		{70F156BD-2DE5-EC8B-C12F-E8ABD998E64A}.Release|Any CPU.Build.0 = Release|Any CPU
		{5F9CDD00-ECD7-0A67-23CB-471A7F8F6A49}.Debug|Any CPU.ActiveCfg = Debug|Any CPU
		{5F9CDD00-ECD7-0A67-23CB-471A7F8F6A49}.Debug|Any CPU.Build.0 = Debug|Any CPU
		{5F9CDD00-ECD7-0A67-23CB-471A7F8F6A49}.Release|Any CPU.ActiveCfg = Release|Any CPU
		{5F9CDD00-ECD7-0A67-23CB-471A7F8F6A49}.Release|Any CPU.Build.0 = Release|Any CPU
		{F16DEA7A-DEFC-618D-C1F3-13E4687131E5}.Debug|Any CPU.ActiveCfg = Debug|Any CPU
		{F16DEA7A-DEFC-618D-C1F3-13E4687131E5}.Debug|Any CPU.Build.0 = Debug|Any CPU
		{F16DEA7A-DEFC-618D-C1F3-13E4687131E5}.Release|Any CPU.ActiveCfg = Release|Any CPU
		{F16DEA7A-DEFC-618D-C1F3-13E4687131E5}.Release|Any CPU.Build.0 = Release|Any CPU
	EndGlobalSection
	GlobalSection(SolutionProperties) = preSolution
		HideSolutionNode = FALSE
	EndGlobalSection
EndGlobal
