
Microsoft Visual Studio Solution File, Format Version 12.00
# Visual Studio 2015
Project("{FAE04EC0-301F-11D3-BF4B-00C04F79EFBC}") = "THIRD_PERSON_TERRAIN.CSharp.Plugins", "THIRD_PERSON_TERRAIN.CSharp.Plugins.csproj", "{01B18350-068B-038B-F2FA-B1389918C720}"
EndProject
Project("{FAE04EC0-301F-11D3-BF4B-00C04F79EFBC}") = "THIRD_PERSON_TERRAIN.CSharp", "THIRD_PERSON_TERRAIN.CSharp.csproj", "{2F0C2A40-3AC9-FCD8-5821-7FAD92B61B20}"
EndProject
Project("{FAE04EC0-301F-11D3-BF4B-00C04F79EFBC}") = "THIRD_PERSON_TERRAIN.CSharp.Editor", "THIRD_PERSON_TERRAIN.CSharp.Editor.csproj", "{DD287576-320A-DB3D-8677-7EA47A4E4853}"
EndProject
Global
	GlobalSection(SolutionConfigurationPlatforms) = preSolution
		Debug|Any CPU = Debug|Any CPU
		Release|Any CPU = Release|Any CPU
	EndGlobalSection
	GlobalSection(ProjectConfigurationPlatforms) = postSolution
		{01B18350-068B-038B-F2FA-B1389918C720}.Debug|Any CPU.ActiveCfg = Debug|Any CPU
		{01B18350-068B-038B-F2FA-B1389918C720}.Debug|Any CPU.Build.0 = Debug|Any CPU
		{01B18350-068B-038B-F2FA-B1389918C720}.Release|Any CPU.ActiveCfg = Release|Any CPU
		{01B18350-068B-038B-F2FA-B1389918C720}.Release|Any CPU.Build.0 = Release|Any CPU
		{2F0C2A40-3AC9-FCD8-5821-7FAD92B61B20}.Debug|Any CPU.ActiveCfg = Debug|Any CPU
		{2F0C2A40-3AC9-FCD8-5821-7FAD92B61B20}.Debug|Any CPU.Build.0 = Debug|Any CPU
		{2F0C2A40-3AC9-FCD8-5821-7FAD92B61B20}.Release|Any CPU.ActiveCfg = Release|Any CPU
		{2F0C2A40-3AC9-FCD8-5821-7FAD92B61B20}.Release|Any CPU.Build.0 = Release|Any CPU
		{DD287576-320A-DB3D-8677-7EA47A4E4853}.Debug|Any CPU.ActiveCfg = Debug|Any CPU
		{DD287576-320A-DB3D-8677-7EA47A4E4853}.Debug|Any CPU.Build.0 = Debug|Any CPU
		{DD287576-320A-DB3D-8677-7EA47A4E4853}.Release|Any CPU.ActiveCfg = Release|Any CPU
		{DD287576-320A-DB3D-8677-7EA47A4E4853}.Release|Any CPU.Build.0 = Release|Any CPU
	EndGlobalSection
	GlobalSection(SolutionProperties) = preSolution
		HideSolutionNode = FALSE
	EndGlobalSection
EndGlobal
