
Microsoft Visual Studio Solution File, Format Version 12.00
# Visual Studio Version 17
VisualStudioVersion = 17.8.34322.80
MinimumVisualStudioVersion = 10.0.40219.1
Project("{FAE04EC0-301F-11D3-BF4B-00C04F79EFBC}") = "itcs_t1_c2_a2", "itcs_t1_c2_a2.csproj", "{10077A94-EB2E-40EE-AE83-36D228FBFA11}"
EndProject
Global
	GlobalSection(SolutionConfigurationPlatforms) = preSolution
		Debug|Any CPU = Debug|Any CPU
		Release|Any CPU = Release|Any CPU
	EndGlobalSection
	GlobalSection(ProjectConfigurationPlatforms) = postSolution
		{10077A94-EB2E-40EE-AE83-36D228FBFA11}.Debug|Any CPU.ActiveCfg = Debug|Any CPU
		{10077A94-EB2E-40EE-AE83-36D228FBFA11}.Debug|Any CPU.Build.0 = Debug|Any CPU
		{10077A94-EB2E-40EE-AE83-36D228FBFA11}.Release|Any CPU.ActiveCfg = Release|Any CPU
		{10077A94-EB2E-40EE-AE83-36D228FBFA11}.Release|Any CPU.Build.0 = Release|Any CPU
	EndGlobalSection
	GlobalSection(SolutionProperties) = preSolution
		HideSolutionNode = FALSE
	EndGlobalSection
	GlobalSection(ExtensibilityGlobals) = postSolution
		SolutionGuid = {470ED84A-2B81-481C-8239-6CF1F772EF18}
	EndGlobalSection
EndGlobal
