
Microsoft Visual Studio Solution File, Format Version 12.00
# Visual Studio Version 17
VisualStudioVersion = 17.8.34322.80
MinimumVisualStudioVersion = 10.0.40219.1
Project("{FAE04EC0-301F-11D3-BF4B-00C04F79EFBC}") = "itcs_t1_c3", "itcs_t1_c3.csproj", "{4E86623D-B5E9-4665-B8AF-CE29E27AB3DC}"
EndProject
Global
	GlobalSection(SolutionConfigurationPlatforms) = preSolution
		Debug|Any CPU = Debug|Any CPU
		Release|Any CPU = Release|Any CPU
	EndGlobalSection
	GlobalSection(ProjectConfigurationPlatforms) = postSolution
		{4E86623D-B5E9-4665-B8AF-CE29E27AB3DC}.Debug|Any CPU.ActiveCfg = Debug|Any CPU
		{4E86623D-B5E9-4665-B8AF-CE29E27AB3DC}.Debug|Any CPU.Build.0 = Debug|Any CPU
		{4E86623D-B5E9-4665-B8AF-CE29E27AB3DC}.Release|Any CPU.ActiveCfg = Release|Any CPU
		{4E86623D-B5E9-4665-B8AF-CE29E27AB3DC}.Release|Any CPU.Build.0 = Release|Any CPU
	EndGlobalSection
	GlobalSection(SolutionProperties) = preSolution
		HideSolutionNode = FALSE
	EndGlobalSection
	GlobalSection(ExtensibilityGlobals) = postSolution
		SolutionGuid = {F665579B-A19C-41B1-B8F4-9D869A69A3F5}
	EndGlobalSection
EndGlobal
