
Microsoft Visual Studio Solution File, Format Version 12.00
# Visual Studio Version 17
VisualStudioVersion = 17.8.34322.80
MinimumVisualStudioVersion = 10.0.40219.1
Project("{FAE04EC0-301F-11D3-BF4B-00C04F79EFBC}") = "itcs_t1_c2", "itcs_t1_c2.csproj", "{82D0E898-228A-4051-87BC-64EF43A8DA93}"
EndProject
Global
	GlobalSection(SolutionConfigurationPlatforms) = preSolution
		Debug|Any CPU = Debug|Any CPU
		Release|Any CPU = Release|Any CPU
	EndGlobalSection
	GlobalSection(ProjectConfigurationPlatforms) = postSolution
		{82D0E898-228A-4051-87BC-64EF43A8DA93}.Debug|Any CPU.ActiveCfg = Debug|Any CPU
		{82D0E898-228A-4051-87BC-64EF43A8DA93}.Debug|Any CPU.Build.0 = Debug|Any CPU
		{82D0E898-228A-4051-87BC-64EF43A8DA93}.Release|Any CPU.ActiveCfg = Release|Any CPU
		{82D0E898-228A-4051-87BC-64EF43A8DA93}.Release|Any CPU.Build.0 = Release|Any CPU
	EndGlobalSection
	GlobalSection(SolutionProperties) = preSolution
		HideSolutionNode = FALSE
	EndGlobalSection
	GlobalSection(ExtensibilityGlobals) = postSolution
		SolutionGuid = {C8C2B597-5C65-4B1F-ABF2-B21345D0361C}
	EndGlobalSection
EndGlobal
