
Microsoft Visual Studio Solution File, Format Version 12.00
# Visual Studio Version 17
VisualStudioVersion = 17.8.34322.80
MinimumVisualStudioVersion = 10.0.40219.1
Project("{FAE04EC0-301F-11D3-BF4B-00C04F79EFBC}") = "ic#_t1_c1_a2", "ic#_t1_c1_a2.csproj", "{53892251-818E-439E-B40E-2249CE95A9B6}"
EndProject
Global
	GlobalSection(SolutionConfigurationPlatforms) = preSolution
		Debug|Any CPU = Debug|Any CPU
		Release|Any CPU = Release|Any CPU
	EndGlobalSection
	GlobalSection(ProjectConfigurationPlatforms) = postSolution
		{53892251-818E-439E-B40E-2249CE95A9B6}.Debug|Any CPU.ActiveCfg = Debug|Any CPU
		{53892251-818E-439E-B40E-2249CE95A9B6}.Debug|Any CPU.Build.0 = Debug|Any CPU
		{53892251-818E-439E-B40E-2249CE95A9B6}.Release|Any CPU.ActiveCfg = Release|Any CPU
		{53892251-818E-439E-B40E-2249CE95A9B6}.Release|Any CPU.Build.0 = Release|Any CPU
	EndGlobalSection
	GlobalSection(SolutionProperties) = preSolution
		HideSolutionNode = FALSE
	EndGlobalSection
	GlobalSection(ExtensibilityGlobals) = postSolution
		SolutionGuid = {D6608263-C951-4142-97E0-C5DCB2C2316D}
	EndGlobalSection
EndGlobal
