
Microsoft Visual Studio Solution File, Format Version 12.00
# Visual Studio Version 17
VisualStudioVersion = 17.8.34322.80
MinimumVisualStudioVersion = 10.0.40219.1
Project("{FAE04EC0-301F-11D3-BF4B-00C04F79EFBC}") = "a1", "a1.csproj", "{C43DB4B6-E0BA-4E5F-B0B3-BF8A6DD7457E}"
EndProject
Global
	GlobalSection(SolutionConfigurationPlatforms) = preSolution
		Debug|Any CPU = Debug|Any CPU
		Release|Any CPU = Release|Any CPU
	EndGlobalSection
	GlobalSection(ProjectConfigurationPlatforms) = postSolution
		{C43DB4B6-E0BA-4E5F-B0B3-BF8A6DD7457E}.Debug|Any CPU.ActiveCfg = Debug|Any CPU
		{C43DB4B6-E0BA-4E5F-B0B3-BF8A6DD7457E}.Debug|Any CPU.Build.0 = Debug|Any CPU
		{C43DB4B6-E0BA-4E5F-B0B3-BF8A6DD7457E}.Release|Any CPU.ActiveCfg = Release|Any CPU
		{C43DB4B6-E0BA-4E5F-B0B3-BF8A6DD7457E}.Release|Any CPU.Build.0 = Release|Any CPU
	EndGlobalSection
	GlobalSection(SolutionProperties) = preSolution
		HideSolutionNode = FALSE
	EndGlobalSection
	GlobalSection(ExtensibilityGlobals) = postSolution
		SolutionGuid = {165803F5-D79A-4CAE-B414-71879C14321B}
	EndGlobalSection
EndGlobal
